
Microsoft Visual Studio Solution File, Format Version 12.00
# Visual Studio Version 17
VisualStudioVersion = 17.14.36301.6 d17.14
MinimumVisualStudioVersion = 10.0.40219.1
Project("{FAE04EC0-301F-11D3-BF4B-00C04F79EFBC}") = "Youtube_Application", "Youtube_Application\Youtube_Application.csproj", "{81DFC747-963E-4840-BB30-7AA23C598CDF}"
EndProject
Global
	GlobalSection(SolutionConfigurationPlatforms) = preSolution
		Debug|Any CPU = Debug|Any CPU
		Release|Any CPU = Release|Any CPU
	EndGlobalSection
	GlobalSection(ProjectConfigurationPlatforms) = postSolution
		{81DFC747-963E-4840-BB30-7AA23C598CDF}.Debug|Any CPU.ActiveCfg = Debug|Any CPU
		{81DFC747-963E-4840-BB30-7AA23C598CDF}.Debug|Any CPU.Build.0 = Debug|Any CPU
		{81DFC747-963E-4840-BB30-7AA23C598CDF}.Release|Any CPU.ActiveCfg = Release|Any CPU
		{81DFC747-963E-4840-BB30-7AA23C598CDF}.Release|Any CPU.Build.0 = Release|Any CPU
	EndGlobalSection
	GlobalSection(SolutionProperties) = preSolution
		HideSolutionNode = FALSE
	EndGlobalSection
	GlobalSection(ExtensibilityGlobals) = postSolution
		SolutionGuid = {34F28D84-6EF6-4EDA-9A34-4D1CC11FEB4C}
	EndGlobalSection
EndGlobal
